// !$*UTF8*$!
{
	archiveVersion = 1;
	classes = {
	};
	objectVersion = 55;
	objects = {

/* Begin PBXBuildFile section */
		CC07223C2718F629000A9785 /* AppDelegate.swift in Sources */ = {isa = PBXBuildFile; fileRef = CC07223B2718F629000A9785 /* AppDelegate.swift */; };
		CC07223E2718F62A000A9785 /* SceneDelegate.swift in Sources */ = {isa = PBXBuildFile; fileRef = CC07223D2718F62A000A9785 /* SceneDelegate.swift */; };
		CC0722432718F62A000A9785 /* Main.storyboard in Resources */ = {isa = PBXBuildFile; fileRef = CC0722412718F62A000A9785 /* Main.storyboard */; };
		CC0722452718F632000A9785 /* Assets.xcassets in Resources */ = {isa = PBXBuildFile; fileRef = CC0722442718F632000A9785 /* Assets.xcassets */; };
		CC0722482718F632000A9785 /* LaunchScreen.storyboard in Resources */ = {isa = PBXBuildFile; fileRef = CC0722462718F632000A9785 /* LaunchScreen.storyboard */; };
		CC0722532718F82E000A9785 /* BreedListViewController.swift in Sources */ = {isa = PBXBuildFile; fileRef = CC0722522718F82E000A9785 /* BreedListViewController.swift */; };
		CC0722552718F8BC000A9785 /* RandomCatFactViewController.swift in Sources */ = {isa = PBXBuildFile; fileRef = CC0722542718F8BC000A9785 /* RandomCatFactViewController.swift */; };
		CC0722582718F981000A9785 /* BreedTableViewCell.swift in Sources */ = {isa = PBXBuildFile; fileRef = CC0722572718F981000A9785 /* BreedTableViewCell.swift */; };
		CC07225B2718FABF000A9785 /* NetworkController.swift in Sources */ = {isa = PBXBuildFile; fileRef = CC07225A2718FABF000A9785 /* NetworkController.swift */; };
		CC07225E2718FD24000A9785 /* UIViewController+Alert.swift in Sources */ = {isa = PBXBuildFile; fileRef = CC07225D2718FD24000A9785 /* UIViewController+Alert.swift */; };
/* End PBXBuildFile section */

/* Begin PBXFileReference section */
		CC0722382718F629000A9785 /* CatFacts.app */ = {isa = PBXFileReference; explicitFileType = wrapper.application; includeInIndex = 0; path = CatFacts.app; sourceTree = BUILT_PRODUCTS_DIR; };
		CC07223B2718F629000A9785 /* AppDelegate.swift */ = {isa = PBXFileReference; lastKnownFileType = sourcecode.swift; path = AppDelegate.swift; sourceTree = "<group>"; };
		CC07223D2718F62A000A9785 /* SceneDelegate.swift */ = {isa = PBXFileReference; lastKnownFileType = sourcecode.swift; path = SceneDelegate.swift; sourceTree = "<group>"; };
		CC0722422718F62A000A9785 /* Base */ = {isa = PBXFileReference; lastKnownFileType = file.storyboard; name = Base; path = Base.lproj/Main.storyboard; sourceTree = "<group>"; };
		CC0722442718F632000A9785 /* Assets.xcassets */ = {isa = PBXFileReference; lastKnownFileType = folder.assetcatalog; path = Assets.xcassets; sourceTree = "<group>"; };
		CC0722472718F632000A9785 /* Base */ = {isa = PBXFileReference; lastKnownFileType = file.storyboard; name = Base; path = Base.lproj/LaunchScreen.storyboard; sourceTree = "<group>"; };
		CC0722492718F632000A9785 /* Info.plist */ = {isa = PBXFileReference; lastKnownFileType = text.plist.xml; path = Info.plist; sourceTree = "<group>"; };
		CC0722522718F82E000A9785 /* BreedListViewController.swift */ = {isa = PBXFileReference; lastKnownFileType = sourcecode.swift; path = BreedListViewController.swift; sourceTree = "<group>"; };
		CC0722542718F8BC000A9785 /* RandomCatFactViewController.swift */ = {isa = PBXFileReference; lastKnownFileType = sourcecode.swift; path = RandomCatFactViewController.swift; sourceTree = "<group>"; };
		CC0722572718F981000A9785 /* BreedTableViewCell.swift */ = {isa = PBXFileReference; lastKnownFileType = sourcecode.swift; path = BreedTableViewCell.swift; sourceTree = "<group>"; };
		CC07225A2718FABF000A9785 /* NetworkController.swift */ = {isa = PBXFileReference; lastKnownFileType = sourcecode.swift; path = NetworkController.swift; sourceTree = "<group>"; };
		CC07225D2718FD24000A9785 /* UIViewController+Alert.swift */ = {isa = PBXFileReference; lastKnownFileType = sourcecode.swift; path = "UIViewController+Alert.swift"; sourceTree = "<group>"; };
/* End PBXFileReference section */

/* Begin PBXFrameworksBuildPhase section */
		CC0722352718F629000A9785 /* Frameworks */ = {
			isa = PBXFrameworksBuildPhase;
			buildActionMask = 2147483647;
			files = (
			);
			runOnlyForDeploymentPostprocessing = 0;
		};
/* End PBXFrameworksBuildPhase section */

/* Begin PBXGroup section */
		CC07222F2718F629000A9785 = {
			isa = PBXGroup;
			children = (
				CC07223A2718F629000A9785 /* CatFacts */,
				CC0722392718F629000A9785 /* Products */,
			);
			sourceTree = "<group>";
		};
		CC0722392718F629000A9785 /* Products */ = {
			isa = PBXGroup;
			children = (
				CC0722382718F629000A9785 /* CatFacts.app */,
			);
			name = Products;
			sourceTree = "<group>";
		};
		CC07223A2718F629000A9785 /* CatFacts */ = {
			isa = PBXGroup;
			children = (
				CC07225C2718FD07000A9785 /* Extensions */,
				CC0722592718FAB0000A9785 /* Controllers */,
				CC0722562718F95F000A9785 /* Views */,
				CC07224F2718F63C000A9785 /* View Controllers */,
				CC0722512718F658000A9785 /* Storyboards */,
				CC0722502718F64B000A9785 /* Supporting Files */,
			);
			path = CatFacts;
			sourceTree = "<group>";
		};
		CC07224F2718F63C000A9785 /* View Controllers */ = {
			isa = PBXGroup;
			children = (
				CC0722522718F82E000A9785 /* BreedListViewController.swift */,
				CC0722542718F8BC000A9785 /* RandomCatFactViewController.swift */,
			);
			path = "View Controllers";
			sourceTree = "<group>";
		};
		CC0722502718F64B000A9785 /* Supporting Files */ = {
			isa = PBXGroup;
			children = (
				CC07223D2718F62A000A9785 /* SceneDelegate.swift */,
				CC0722442718F632000A9785 /* Assets.xcassets */,
				CC07223B2718F629000A9785 /* AppDelegate.swift */,
				CC0722492718F632000A9785 /* Info.plist */,
			);
			path = "Supporting Files";
			sourceTree = "<group>";
		};
		CC0722512718F658000A9785 /* Storyboards */ = {
			isa = PBXGroup;
			children = (
				CC0722412718F62A000A9785 /* Main.storyboard */,
				CC0722462718F632000A9785 /* LaunchScreen.storyboard */,
			);
			path = Storyboards;
			sourceTree = "<group>";
		};
		CC0722562718F95F000A9785 /* Views */ = {
			isa = PBXGroup;
			children = (
				CC0722572718F981000A9785 /* BreedTableViewCell.swift */,
			);
			path = Views;
			sourceTree = "<group>";
		};
		CC0722592718FAB0000A9785 /* Controllers */ = {
			isa = PBXGroup;
			children = (
				CC07225A2718FABF000A9785 /* NetworkController.swift */,
			);
			path = Controllers;
			sourceTree = "<group>";
		};
		CC07225C2718FD07000A9785 /* Extensions */ = {
			isa = PBXGroup;
			children = (
				CC07225D2718FD24000A9785 /* UIViewController+Alert.swift */,
			);
			path = Extensions;
			sourceTree = "<group>";
		};
/* End PBXGroup section */

/* Begin PBXNativeTarget section */
		CC0722372718F629000A9785 /* CatFacts */ = {
			isa = PBXNativeTarget;
			buildConfigurationList = CC07224C2718F632000A9785 /* Build configuration list for PBXNativeTarget "CatFacts" */;
			buildPhases = (
				CC0722342718F629000A9785 /* Sources */,
				CC0722352718F629000A9785 /* Frameworks */,
				CC0722362718F629000A9785 /* Resources */,
			);
			buildRules = (
			);
			dependencies = (
			);
			name = CatFacts;
			productName = CatFacts;
			productReference = CC0722382718F629000A9785 /* CatFacts.app */;
			productType = "com.apple.product-type.application";
		};
/* End PBXNativeTarget section */

/* Begin PBXProject section */
		CC0722302718F629000A9785 /* Project object */ = {
			isa = PBXProject;
			attributes = {
				BuildIndependentTargetsInParallel = 1;
				LastSwiftUpdateCheck = 1300;
				LastUpgradeCheck = 1300;
				TargetAttributes = {
					CC0722372718F629000A9785 = {
						CreatedOnToolsVersion = 13.0;
					};
				};
			};
			buildConfigurationList = CC0722332718F629000A9785 /* Build configuration list for PBXProject "CatFacts" */;
			compatibilityVersion = "Xcode 13.0";
			developmentRegion = en;
			hasScannedForEncodings = 0;
			knownRegions = (
				en,
				Base,
			);
			mainGroup = CC07222F2718F629000A9785;
			productRefGroup = CC0722392718F629000A9785 /* Products */;
			projectDirPath = "";
			projectRoot = "";
			targets = (
				CC0722372718F629000A9785 /* CatFacts */,
			);
		};
/* End PBXProject section */

/* Begin PBXResourcesBuildPhase section */
		CC0722362718F629000A9785 /* Resources */ = {
			isa = PBXResourcesBuildPhase;
			buildActionMask = 2147483647;
			files = (
				CC0722482718F632000A9785 /* LaunchScreen.storyboard in Resources */,
				CC0722452718F632000A9785 /* Assets.xcassets in Resources */,
				CC0722432718F62A000A9785 /* Main.storyboard in Resources */,
			);
			runOnlyForDeploymentPostprocessing = 0;
		};
/* End PBXResourcesBuildPhase section */

/* Begin PBXSourcesBuildPhase section */
		CC0722342718F629000A9785 /* Sources */ = {
			isa = PBXSourcesBuildPhase;
			buildActionMask = 2147483647;
			files = (
				CC0722582718F981000A9785 /* BreedTableViewCell.swift in Sources */,
				CC0722552718F8BC000A9785 /* RandomCatFactViewController.swift in Sources */,
				CC07225B2718FABF000A9785 /* NetworkController.swift in Sources */,
				CC0722532718F82E000A9785 /* BreedListViewController.swift in Sources */,
				CC07223C2718F629000A9785 /* AppDelegate.swift in Sources */,
				CC07223E2718F62A000A9785 /* SceneDelegate.swift in Sources */,
				CC07225E2718FD24000A9785 /* UIViewController+Alert.swift in Sources */,
			);
			runOnlyForDeploymentPostprocessing = 0;
		};
/* End PBXSourcesBuildPhase section */

/* Begin PBXVariantGroup section */
		CC0722412718F62A000A9785 /* Main.storyboard */ = {
			isa = PBXVariantGroup;
			children = (
				CC0722422718F62A000A9785 /* Base */,
			);
			name = Main.storyboard;
			sourceTree = "<group>";
		};
		CC0722462718F632000A9785 /* LaunchScreen.storyboard */ = {
			isa = PBXVariantGroup;
			children = (
				CC0722472718F632000A9785 /* Base */,
			);
			name = LaunchScreen.storyboard;
			sourceTree = "<group>";
		};
/* End PBXVariantGroup section */

/* Begin XCBuildConfiguration section */
		CC07224A2718F632000A9785 /* Debug */ = {
			isa = XCBuildConfiguration;
			buildSettings = {
				ALWAYS_SEARCH_USER_PATHS = NO;
				CLANG_ANALYZER_NONNULL = YES;
				CLANG_ANALYZER_NUMBER_OBJECT_CONVERSION = YES_AGGRESSIVE;
				CLANG_CXX_LANGUAGE_STANDARD = "gnu++17";
				CLANG_CXX_LIBRARY = "libc++";
				CLANG_ENABLE_MODULES = YES;
				CLANG_ENABLE_OBJC_ARC = YES;
				CLANG_ENABLE_OBJC_WEAK = YES;
				CLANG_WARN_BLOCK_CAPTURE_AUTORELEASING = YES;
				CLANG_WARN_BOOL_CONVERSION = YES;
				CLANG_WARN_COMMA = YES;
				CLANG_WARN_CONSTANT_CONVERSION = YES;
				CLANG_WARN_DEPRECATED_OBJC_IMPLEMENTATIONS = YES;
				CLANG_WARN_DIRECT_OBJC_ISA_USAGE = YES_ERROR;
				CLANG_WARN_DOCUMENTATION_COMMENTS = YES;
				CLANG_WARN_EMPTY_BODY = YES;
				CLANG_WARN_ENUM_CONVERSION = YES;
				CLANG_WARN_INFINITE_RECURSION = YES;
				CLANG_WARN_INT_CONVERSION = YES;
				CLANG_WARN_NON_LITERAL_NULL_CONVERSION = YES;
				CLANG_WARN_OBJC_IMPLICIT_RETAIN_SELF = YES;
				CLANG_WARN_OBJC_LITERAL_CONVERSION = YES;
				CLANG_WARN_OBJC_ROOT_CLASS = YES_ERROR;
				CLANG_WARN_QUOTED_INCLUDE_IN_FRAMEWORK_HEADER = YES;
				CLANG_WARN_RANGE_LOOP_ANALYSIS = YES;
				CLANG_WARN_STRICT_PROTOTYPES = YES;
				CLANG_WARN_SUSPICIOUS_MOVE = YES;
				CLANG_WARN_UNGUARDED_AVAILABILITY = YES_AGGRESSIVE;
				CLANG_WARN_UNREACHABLE_CODE = YES;
				CLANG_WARN__DUPLICATE_METHOD_MATCH = YES;
				COPY_PHASE_STRIP = NO;
				DEBUG_INFORMATION_FORMAT = dwarf;
				ENABLE_STRICT_OBJC_MSGSEND = YES;
				ENABLE_TESTABILITY = YES;
				GCC_C_LANGUAGE_STANDARD = gnu11;
				GCC_DYNAMIC_NO_PIC = NO;
				GCC_NO_COMMON_BLOCKS = YES;
				GCC_OPTIMIZATION_LEVEL = 0;
				GCC_PREPROCESSOR_DEFINITIONS = (
					"DEBUG=1",
					"$(inherited)",
				);
				GCC_WARN_64_TO_32_BIT_CONVERSION = YES;
				GCC_WARN_ABOUT_RETURN_TYPE = YES_ERROR;
				GCC_WARN_UNDECLARED_SELECTOR = YES;
				GCC_WARN_UNINITIALIZED_AUTOS = YES_AGGRESSIVE;
				GCC_WARN_UNUSED_FUNCTION = YES;
				GCC_WARN_UNUSED_VARIABLE = YES;
				IPHONEOS_DEPLOYMENT_TARGET = 15.0;
				MTL_ENABLE_DEBUG_INFO = INCLUDE_SOURCE;
				MTL_FAST_MATH = YES;
				ONLY_ACTIVE_ARCH = YES;
				SDKROOT = iphoneos;
				SWIFT_ACTIVE_COMPILATION_CONDITIONS = DEBUG;
				SWIFT_OPTIMIZATION_LEVEL = "-Onone";
			};
			name = Debug;
		};
		CC07224B2718F632000A9785 /* Release */ = {
			isa = XCBuildConfiguration;
			buildSettings = {
				ALWAYS_SEARCH_USER_PATHS = NO;
				CLANG_ANALYZER_NONNULL = YES;
				CLANG_ANALYZER_NUMBER_OBJECT_CONVERSION = YES_AGGRESSIVE;
				CLANG_CXX_LANGUAGE_STANDARD = "gnu++17";
				CLANG_CXX_LIBRARY = "libc++";
				CLANG_ENABLE_MODULES = YES;
				CLANG_ENABLE_OBJC_ARC = YES;
				CLANG_ENABLE_OBJC_WEAK = YES;
				CLANG_WARN_BLOCK_CAPTURE_AUTORELEASING = YES;
				CLANG_WARN_BOOL_CONVERSION = YES;
				CLANG_WARN_COMMA = YES;
				CLANG_WARN_CONSTANT_CONVERSION = YES;
				CLANG_WARN_DEPRECATED_OBJC_IMPLEMENTATIONS = YES;
				CLANG_WARN_DIRECT_OBJC_ISA_USAGE = YES_ERROR;
				CLANG_WARN_DOCUMENTATION_COMMENTS = YES;
				CLANG_WARN_EMPTY_BODY = YES;
				CLANG_WARN_ENUM_CONVERSION = YES;
				CLANG_WARN_INFINITE_RECURSION = YES;
				CLANG_WARN_INT_CONVERSION = YES;
				CLANG_WARN_NON_LITERAL_NULL_CONVERSION = YES;
				CLANG_WARN_OBJC_IMPLICIT_RETAIN_SELF = YES;
				CLANG_WARN_OBJC_LITERAL_CONVERSION = YES;
				CLANG_WARN_OBJC_ROOT_CLASS = YES_ERROR;
				CLANG_WARN_QUOTED_INCLUDE_IN_FRAMEWORK_HEADER = YES;
				CLANG_WARN_RANGE_LOOP_ANALYSIS = YES;
				CLANG_WARN_STRICT_PROTOTYPES = YES;
				CLANG_WARN_SUSPICIOUS_MOVE = YES;
				CLANG_WARN_UNGUARDED_AVAILABILITY = YES_AGGRESSIVE;
				CLANG_WARN_UNREACHABLE_CODE = YES;
				CLANG_WARN__DUPLICATE_METHOD_MATCH = YES;
				COPY_PHASE_STRIP = NO;
				DEBUG_INFORMATION_FORMAT = "dwarf-with-dsym";
				ENABLE_NS_ASSERTIONS = NO;
				ENABLE_STRICT_OBJC_MSGSEND = YES;
				GCC_C_LANGUAGE_STANDARD = gnu11;
				GCC_NO_COMMON_BLOCKS = YES;
				GCC_WARN_64_TO_32_BIT_CONVERSION = YES;
				GCC_WARN_ABOUT_RETURN_TYPE = YES_ERROR;
				GCC_WARN_UNDECLARED_SELECTOR = YES;
				GCC_WARN_UNINITIALIZED_AUTOS = YES_AGGRESSIVE;
				GCC_WARN_UNUSED_FUNCTION = YES;
				GCC_WARN_UNUSED_VARIABLE = YES;
				IPHONEOS_DEPLOYMENT_TARGET = 15.0;
				MTL_ENABLE_DEBUG_INFO = NO;
				MTL_FAST_MATH = YES;
				SDKROOT = iphoneos;
				SWIFT_COMPILATION_MODE = wholemodule;
				SWIFT_OPTIMIZATION_LEVEL = "-O";
				VALIDATE_PRODUCT = YES;
			};
			name = Release;
		};
		CC07224D2718F632000A9785 /* Debug */ = {
			isa = XCBuildConfiguration;
			buildSettings = {
				ASSETCATALOG_COMPILER_APPICON_NAME = AppIcon;
				ASSETCATALOG_COMPILER_GLOBAL_ACCENT_COLOR_NAME = AccentColor;
				CODE_SIGN_IDENTITY = "Apple Development";
				CODE_SIGN_STYLE = Automatic;
				CURRENT_PROJECT_VERSION = 1;
				DEVELOPMENT_TEAM = 6JHB3FKAQY;
				GENERATE_INFOPLIST_FILE = YES;
				INFOPLIST_FILE = "CatFacts/Supporting Files/Info.plist";
				INFOPLIST_KEY_UIApplicationSupportsIndirectInputEvents = YES;
				INFOPLIST_KEY_UILaunchStoryboardName = LaunchScreen;
				INFOPLIST_KEY_UIMainStoryboardFile = Main;
				INFOPLIST_KEY_UISupportedInterfaceOrientations_iPad = "UIInterfaceOrientationPortrait UIInterfaceOrientationPortraitUpsideDown UIInterfaceOrientationLandscapeLeft UIInterfaceOrientationLandscapeRight";
				INFOPLIST_KEY_UISupportedInterfaceOrientations_iPhone = "UIInterfaceOrientationPortrait UIInterfaceOrientationLandscapeLeft UIInterfaceOrientationLandscapeRight";
				LD_RUNPATH_SEARCH_PATHS = (
					"$(inherited)",
					"@executable_path/Frameworks",
				);
				MARKETING_VERSION = 1.0;
				PRODUCT_BUNDLE_IDENTIFIER = com.js.CatFacts;
				PRODUCT_NAME = "$(TARGET_NAME)";
				PROVISIONING_PROFILE_SPECIFIER = "";
				SWIFT_EMIT_LOC_STRINGS = YES;
				SWIFT_VERSION = 5.0;
				TARGETED_DEVICE_FAMILY = "1,2";
			};
			name = Debug;
		};
		CC07224E2718F632000A9785 /* Release */ = {
			isa = XCBuildConfiguration;
			buildSettings = {
				ASSETCATALOG_COMPILER_APPICON_NAME = AppIcon;
				ASSETCATALOG_COMPILER_GLOBAL_ACCENT_COLOR_NAME = AccentColor;
				CODE_SIGN_IDENTITY = "Apple Development";
				CODE_SIGN_STYLE = Automatic;
				CURRENT_PROJECT_VERSION = 1;
				DEVELOPMENT_TEAM = 6JHB3FKAQY;
				GENERATE_INFOPLIST_FILE = YES;
				INFOPLIST_FILE = "CatFacts/Supporting Files/Info.plist";
				INFOPLIST_KEY_UIApplicationSupportsIndirectInputEvents = YES;
				INFOPLIST_KEY_UILaunchStoryboardName = LaunchScreen;
				INFOPLIST_KEY_UIMainStoryboardFile = Main;
				INFOPLIST_KEY_UISupportedInterfaceOrientations_iPad = "UIInterfaceOrientationPortrait UIInterfaceOrientationPortraitUpsideDown UIInterfaceOrientationLandscapeLeft UIInterfaceOrientationLandscapeRight";
				INFOPLIST_KEY_UISupportedInterfaceOrientations_iPhone = "UIInterfaceOrientationPortrait UIInterfaceOrientationLandscapeLeft UIInterfaceOrientationLandscapeRight";
				LD_RUNPATH_SEARCH_PATHS = (
					"$(inherited)",
					"@executable_path/Frameworks",
				);
				MARKETING_VERSION = 1.0;
				PRODUCT_BUNDLE_IDENTIFIER = com.js.CatFacts;
				PRODUCT_NAME = "$(TARGET_NAME)";
				PROVISIONING_PROFILE_SPECIFIER = "";
				SWIFT_EMIT_LOC_STRINGS = YES;
				SWIFT_VERSION = 5.0;
				TARGETED_DEVICE_FAMILY = "1,2";
			};
			name = Release;
		};
/* End XCBuildConfiguration section */

/* Begin XCConfigurationList section */
		CC0722332718F629000A9785 /* Build configuration list for PBXProject "CatFacts" */ = {
			isa = XCConfigurationList;
			buildConfigurations = (
				CC07224A2718F632000A9785 /* Debug */,
				CC07224B2718F632000A9785 /* Release */,
			);
			defaultConfigurationIsVisible = 0;
			defaultConfigurationName = Release;
		};
		CC07224C2718F632000A9785 /* Build configuration list for PBXNativeTarget "CatFacts" */ = {
			isa = XCConfigurationList;
			buildConfigurations = (
				CC07224D2718F632000A9785 /* Debug */,
				CC07224E2718F632000A9785 /* Release */,
			);
			defaultConfigurationIsVisible = 0;
			defaultConfigurationName = Release;
		};
/* End XCConfigurationList section */
	};
	rootObject = CC0722302718F629000A9785 /* Project object */;
}
